
Microsoft Visual Studio Solution File, Format Version 12.00
# Visual Studio 15
Project("{FAE04EC0-301F-11D3-BF4B-00C04F79EFBC}") = "Assembly-CSharp", "Assembly-CSharp.csproj", "{08333C7B-3219-94B1-FD80-03BB5A566A21}"
EndProject
Project("{FAE04EC0-301F-11D3-BF4B-00C04F79EFBC}") = "Assembly-CSharp-Editor", "Assembly-CSharp-Editor.csproj", "{E2BA3E49-2FFC-4DEF-C01B-B49F17EC9759}"
EndProject
Global
	GlobalSection(SolutionConfigurationPlatforms) = preSolution
		Debug|Any CPU = Debug|Any CPU
		Release|Any CPU = Release|Any CPU
	EndGlobalSection
	GlobalSection(ProjectConfigurationPlatforms) = postSolution
		{08333C7B-3219-94B1-FD80-03BB5A566A21}.Debug|Any CPU.ActiveCfg = Debug|Any CPU
		{08333C7B-3219-94B1-FD80-03BB5A566A21}.Debug|Any CPU.Build.0 = Debug|Any CPU
		{08333C7B-3219-94B1-FD80-03BB5A566A21}.Release|Any CPU.ActiveCfg = Release|Any CPU
		{08333C7B-3219-94B1-FD80-03BB5A566A21}.Release|Any CPU.Build.0 = Release|Any CPU
		{E2BA3E49-2FFC-4DEF-C01B-B49F17EC9759}.Debug|Any CPU.ActiveCfg = Debug|Any CPU
		{E2BA3E49-2FFC-4DEF-C01B-B49F17EC9759}.Debug|Any CPU.Build.0 = Debug|Any CPU
		{E2BA3E49-2FFC-4DEF-C01B-B49F17EC9759}.Release|Any CPU.ActiveCfg = Release|Any CPU
		{E2BA3E49-2FFC-4DEF-C01B-B49F17EC9759}.Release|Any CPU.Build.0 = Release|Any CPU
	EndGlobalSection
	GlobalSection(SolutionProperties) = preSolution
		HideSolutionNode = FALSE
	EndGlobalSection
EndGlobal
